
Microsoft Visual Studio Solution File, Format Version 12.00
# Visual Studio Version 16
VisualStudioVersion = 16.0.32428.217
MinimumVisualStudioVersion = 10.0.40219.1
Project("{FAE04EC0-301F-11D3-BF4B-00C04F79EFBC}") = "BlueByte.SOLIDWORKS.SDK", "SWSDK\BlueByte.SOLIDWORKS.SDK.csproj", "{82771FAB-C3C4-4106-8DE0-EBBFEEC7B204}"
EndProject
Project("{FAE04EC0-301F-11D3-BF4B-00C04F79EFBC}") = "SWSDK.TestAddIn", "SWSDK.TestAddIn\SWSDK.TestAddIn.csproj", "{05381A48-E2B4-4DB3-AEFE-CC9D3E303272}"
EndProject
Project("{FAE04EC0-301F-11D3-BF4B-00C04F79EFBC}") = "BlueByte.SOLIDWORKS.SDK.Core", "BlueByte.SOLIDWORKS.SDK.Core\BlueByte.SOLIDWORKS.SDK.Core.csproj", "{4A7BE2DD-5EB4-4E9D-9742-7777009CE6CD}"
EndProject
Project("{FAE04EC0-301F-11D3-BF4B-00C04F79EFBC}") = "Template", "Template\Template.csproj", "{33A63236-83F5-46AB-8C70-095EFBCBF671}"
EndProject
Project("{F184B08F-C81C-45F6-A57F-5ABD9991F28F}") = "TemplateVB", "TemplateVB\TemplateVB.vbproj", "{BC5C23F1-4398-4678-94BC-4293E8BC9131}"
EndProject
Project("{FAE04EC0-301F-11D3-BF4B-00C04F79EFBC}") = "VSIX", "SOLIDWORKSSDK\VSIX.csproj", "{AF27E4BD-B93E-45AA-B627-E9B7934C005F}"
EndProject
Project("{FAE04EC0-301F-11D3-BF4B-00C04F79EFBC}") = "TestConsole", "TestConsole\TestConsole.csproj", "{46E9E008-B914-465D-9509-1C53CB131529}"
EndProject
Global
	GlobalSection(SolutionConfigurationPlatforms) = preSolution
		Debug|Any CPU = Debug|Any CPU
		Release|Any CPU = Release|Any CPU
	EndGlobalSection
	GlobalSection(ProjectConfigurationPlatforms) = postSolution
		{82771FAB-C3C4-4106-8DE0-EBBFEEC7B204}.Debug|Any CPU.ActiveCfg = Debug|Any CPU
		{82771FAB-C3C4-4106-8DE0-EBBFEEC7B204}.Debug|Any CPU.Build.0 = Debug|Any CPU
		{82771FAB-C3C4-4106-8DE0-EBBFEEC7B204}.Release|Any CPU.ActiveCfg = Release|Any CPU
		{82771FAB-C3C4-4106-8DE0-EBBFEEC7B204}.Release|Any CPU.Build.0 = Release|Any CPU
		{05381A48-E2B4-4DB3-AEFE-CC9D3E303272}.Debug|Any CPU.ActiveCfg = Debug|Any CPU
		{05381A48-E2B4-4DB3-AEFE-CC9D3E303272}.Debug|Any CPU.Build.0 = Debug|Any CPU
		{05381A48-E2B4-4DB3-AEFE-CC9D3E303272}.Release|Any CPU.ActiveCfg = Release|Any CPU
		{05381A48-E2B4-4DB3-AEFE-CC9D3E303272}.Release|Any CPU.Build.0 = Release|Any CPU
		{4A7BE2DD-5EB4-4E9D-9742-7777009CE6CD}.Debug|Any CPU.ActiveCfg = Debug|Any CPU
		{4A7BE2DD-5EB4-4E9D-9742-7777009CE6CD}.Debug|Any CPU.Build.0 = Debug|Any CPU
		{4A7BE2DD-5EB4-4E9D-9742-7777009CE6CD}.Release|Any CPU.ActiveCfg = Release|Any CPU
		{4A7BE2DD-5EB4-4E9D-9742-7777009CE6CD}.Release|Any CPU.Build.0 = Release|Any CPU
		{33A63236-83F5-46AB-8C70-095EFBCBF671}.Debug|Any CPU.ActiveCfg = Debug|Any CPU
		{33A63236-83F5-46AB-8C70-095EFBCBF671}.Debug|Any CPU.Build.0 = Debug|Any CPU
		{33A63236-83F5-46AB-8C70-095EFBCBF671}.Release|Any CPU.ActiveCfg = Release|Any CPU
		{33A63236-83F5-46AB-8C70-095EFBCBF671}.Release|Any CPU.Build.0 = Release|Any CPU
		{BC5C23F1-4398-4678-94BC-4293E8BC9131}.Debug|Any CPU.ActiveCfg = Debug|Any CPU
		{BC5C23F1-4398-4678-94BC-4293E8BC9131}.Debug|Any CPU.Build.0 = Debug|Any CPU
		{BC5C23F1-4398-4678-94BC-4293E8BC9131}.Release|Any CPU.ActiveCfg = Release|Any CPU
		{BC5C23F1-4398-4678-94BC-4293E8BC9131}.Release|Any CPU.Build.0 = Release|Any CPU
		{AF27E4BD-B93E-45AA-B627-E9B7934C005F}.Debug|Any CPU.ActiveCfg = Debug|Any CPU
		{AF27E4BD-B93E-45AA-B627-E9B7934C005F}.Debug|Any CPU.Build.0 = Debug|Any CPU
		{AF27E4BD-B93E-45AA-B627-E9B7934C005F}.Release|Any CPU.ActiveCfg = Release|Any CPU
		{AF27E4BD-B93E-45AA-B627-E9B7934C005F}.Release|Any CPU.Build.0 = Release|Any CPU
		{46E9E008-B914-465D-9509-1C53CB131529}.Debug|Any CPU.ActiveCfg = Debug|Any CPU
		{46E9E008-B914-465D-9509-1C53CB131529}.Debug|Any CPU.Build.0 = Debug|Any CPU
		{46E9E008-B914-465D-9509-1C53CB131529}.Release|Any CPU.ActiveCfg = Release|Any CPU
		{46E9E008-B914-465D-9509-1C53CB131529}.Release|Any CPU.Build.0 = Release|Any CPU
	EndGlobalSection
	GlobalSection(SolutionProperties) = preSolution
		HideSolutionNode = FALSE
	EndGlobalSection
	GlobalSection(ExtensibilityGlobals) = postSolution
		SolutionGuid = {0CE35928-2A4E-4680-AB2B-21A2D3C92E45}
	EndGlobalSection
EndGlobal
